
Microsoft Visual Studio Solution File, Format Version 12.00
# Visual Studio Version 17
VisualStudioVersion = 17.0.31903.59
MinimumVisualStudioVersion = 10.0.40219.1
Project("{2150E333-8FDC-42A3-9474-1A3956D46DE8}") = "src", "src", "{CCE97C0D-13BC-4A44-A58D-D8670D052617}"
EndProject
Project("{2150E333-8FDC-42A3-9474-1A3956D46DE8}") = "BuildingBlocks", "BuildingBlocks", "{45081A83-FC3E-4CEA-8B18-642FCA0858CA}"
EndProject
Project("{2150E333-8FDC-42A3-9474-1A3956D46DE8}") = "Core", "Core", "{9C0C9FB8-BC97-4509-9A0E-DFEC93B6610F}"
EndProject
Project("{9A19103F-16F7-4668-BE54-9A1E7A4F7556}") = "BuildingBlocks.Core.Abstractions", "src\BuildingBlocks\Core\BuildingBlocks.Core.Abstractions\BuildingBlocks.Core.Abstractions.csproj", "{799C0EEE-4745-4264-A241-12741C9A1AC9}"
EndProject
Project("{9A19103F-16F7-4668-BE54-9A1E7A4F7556}") = "BuildingBlocks.Core.Domain", "src\BuildingBlocks\Core\BuildingBlocks.Core.Domain\BuildingBlocks.Core.Domain.csproj", "{8A0123E3-2ADA-4A44-B2FA-2B025D49371C}"
EndProject
Project("{9A19103F-16F7-4668-BE54-9A1E7A4F7556}") = "BuildingBlocks.Core.Exceptions", "src\BuildingBlocks\Core\BuildingBlocks.Core.Exceptions\BuildingBlocks.Core.Exceptions.csproj", "{8C655E25-B65F-4257-ACC1-05BB9EC4FE5A}"
EndProject
Project("{9A19103F-16F7-4668-BE54-9A1E7A4F7556}") = "BuildingBlocks.Core.Extensions", "src\BuildingBlocks\Core\BuildingBlocks.Core.Extensions\BuildingBlocks.Core.Extensions.csproj", "{8CC78DDE-5370-48A0-AB22-9A5492A1458E}"
EndProject
Project("{9A19103F-16F7-4668-BE54-9A1E7A4F7556}") = "BuildingBlocks.Core.Persistence", "src\BuildingBlocks\Core\BuildingBlocks.Core.Persistence\BuildingBlocks.Core.Persistence.csproj", "{CCB5A9AF-A0D8-42A0-BF56-51E6DAC9CA78}"
EndProject
Project("{2150E333-8FDC-42A3-9474-1A3956D46DE8}") = "Services", "Services", "{93084F68-588F-47E5-A669-0B2B2C98A172}"
EndProject
Project("{2150E333-8FDC-42A3-9474-1A3956D46DE8}") = "CategoryService", "CategoryService", "{68E22BDB-1A98-4596-9972-6D96EAEC0020}"
EndProject
Project("{9A19103F-16F7-4668-BE54-9A1E7A4F7556}") = "CategoryService.Application", "src\Services\CategoryService\CategoryService.Application\CategoryService.Application.csproj", "{250A15E1-B4C3-478F-893C-B117FF2F2917}"
EndProject
Project("{9A19103F-16F7-4668-BE54-9A1E7A4F7556}") = "CategoryService.Contracts", "src\Services\CategoryService\CategoryService.Contracts\CategoryService.Contracts.csproj", "{C39A45A6-0B00-4022-BC7A-D55123FD81EA}"
EndProject
Project("{9A19103F-16F7-4668-BE54-9A1E7A4F7556}") = "CategoryService.Domain", "src\Services\CategoryService\CategoryService.Domain\CategoryService.Domain.csproj", "{06516E77-76B9-44F8-B644-C4AC194611A6}"
EndProject
Project("{9A19103F-16F7-4668-BE54-9A1E7A4F7556}") = "CategoryService.Infrastructure", "src\Services\CategoryService\CategoryService.Infrastructure\CategoryService.Infrastructure.csproj", "{06DAE0CA-B51C-4083-B1CF-A1DBFC18BA55}"
EndProject
Project("{9A19103F-16F7-4668-BE54-9A1E7A4F7556}") = "CategoryService.Persistence", "src\Services\CategoryService\CategoryService.Persistence\CategoryService.Persistence.csproj", "{3F313949-EEA3-4619-96C8-2B311C77A6DD}"
EndProject
Project("{9A19103F-16F7-4668-BE54-9A1E7A4F7556}") = "CategoryService.WebAPI", "src\Services\CategoryService\CategoryService.WebAPI\CategoryService.WebAPI.csproj", "{DE18226E-27C9-4A57-B7FA-3BEE839D4FC8}"
EndProject
Project("{9A19103F-16F7-4668-BE54-9A1E7A4F7556}") = "BuildingBlocks.Core.Application", "src\BuildingBlocks\Core\BuildingBlocks.Core.Application\BuildingBlocks.Core.Application.csproj", "{2FA8A640-DC67-4EBA-90FA-D7F1836EA0C0}"
EndProject
Project("{2150E333-8FDC-42A3-9474-1A3956D46DE8}") = "EventBus", "EventBus", "{863804FD-7710-4D14-886D-7D668596AF02}"
EndProject
Project("{9A19103F-16F7-4668-BE54-9A1E7A4F7556}") = "EventBus.AzureServiceBus", "src\BuildingBlocks\EventBus\EventBus.AzureServiceBus\EventBus.AzureServiceBus.csproj", "{7CBDA446-8365-4AE1-B3B9-7FBFDB615EE5}"
EndProject
Project("{9A19103F-16F7-4668-BE54-9A1E7A4F7556}") = "EventBus.Base", "src\BuildingBlocks\EventBus\EventBus.Base\EventBus.Base.csproj", "{D4B786AB-D561-44D8-8F86-31655ED8A262}"
EndProject
Project("{9A19103F-16F7-4668-BE54-9A1E7A4F7556}") = "EventBus.Factory", "src\BuildingBlocks\EventBus\EventBus.Factory\EventBus.Factory.csproj", "{B515A700-4A0C-4EB0-B4F5-C81084E93040}"
EndProject
Project("{9A19103F-16F7-4668-BE54-9A1E7A4F7556}") = "EventBus.RabbitMQ", "src\BuildingBlocks\EventBus\EventBus.RabbitMQ\EventBus.RabbitMQ.csproj", "{9E14B039-0437-42C1-B9E3-0BEE90628C66}"
EndProject
Project("{E53339B2-1760-4266-BCC7-CA923CBCF16C}") = "docker-compose", "docker-compose.dcproj", "{B69B7DAA-019A-4091-9FA6-8E9954D62FF6}"
EndProject
Project("{2150E333-8FDC-42A3-9474-1A3956D46DE8}") = "IdentityService", "IdentityService", "{48BA65A5-B216-4DFD-BBD6-3E5213BB65DF}"
EndProject
Project("{9A19103F-16F7-4668-BE54-9A1E7A4F7556}") = "IdentityService.Application", "src\Services\IdentityService\IdentityService.Application\IdentityService.Application.csproj", "{9ED760E8-B6B1-4435-952B-EDE11713EFCE}"
EndProject
Project("{9A19103F-16F7-4668-BE54-9A1E7A4F7556}") = "IdentityService.Contracts", "src\Services\IdentityService\IdentityService.Contracts\IdentityService.Contracts.csproj", "{B9821A03-4092-4781-92C6-B46297D9B4B0}"
EndProject
Project("{9A19103F-16F7-4668-BE54-9A1E7A4F7556}") = "IdentityService.Domain", "src\Services\IdentityService\IdentityService.Domain\IdentityService.Domain.csproj", "{E47A7AE2-5BD1-4A11-ACF2-94AC67B5B1E1}"
EndProject
Project("{9A19103F-16F7-4668-BE54-9A1E7A4F7556}") = "IdentityService.Infrastructure", "src\Services\IdentityService\IdentityService.Infrastructure\IdentityService.Infrastructure.csproj", "{FF2ED386-5B80-452B-B362-544AA3DF0A10}"
EndProject
Project("{9A19103F-16F7-4668-BE54-9A1E7A4F7556}") = "IdentityService.Persistence", "src\Services\IdentityService\IdentityService.Persistence\IdentityService.Persistence.csproj", "{1C9C4C68-B5E3-4DCE-9BC9-96B5ECDED430}"
EndProject
Project("{9A19103F-16F7-4668-BE54-9A1E7A4F7556}") = "IdentityService.WebAPI", "src\Services\IdentityService\IdentityService.WebAPI\IdentityService.WebAPI.csproj", "{18884592-4CFD-48A1-8B52-8B799119CB8E}"
EndProject
Project("{2150E333-8FDC-42A3-9474-1A3956D46DE8}") = "MovieService", "MovieService", "{27571D3B-2026-4906-A4B9-87984B816DF3}"
EndProject
Project("{9A19103F-16F7-4668-BE54-9A1E7A4F7556}") = "MovieService.Application", "src\Services\MovieService\MovieService.Application\MovieService.Application.csproj", "{52FA0939-C855-4F76-84ED-30F24A321910}"
EndProject
Project("{9A19103F-16F7-4668-BE54-9A1E7A4F7556}") = "MovieService.Contracts", "src\Services\MovieService\MovieService.Contracts\MovieService.Contracts.csproj", "{5BF23DBC-5F4D-4450-89A4-7B0AA150C6BE}"
EndProject
Project("{9A19103F-16F7-4668-BE54-9A1E7A4F7556}") = "MovieService.Domain", "src\Services\MovieService\MovieService.Domain\MovieService.Domain.csproj", "{5AEE925E-7839-44AB-98B3-39E6E9C067BF}"
EndProject
Project("{9A19103F-16F7-4668-BE54-9A1E7A4F7556}") = "MovieService.Infrastructure", "src\Services\MovieService\MovieService.Infrastructure\MovieService.Infrastructure.csproj", "{9C79FCCF-F551-451A-887C-B43B03DF87F3}"
EndProject
Project("{9A19103F-16F7-4668-BE54-9A1E7A4F7556}") = "MovieService.Persistence", "src\Services\MovieService\MovieService.Persistence\MovieService.Persistence.csproj", "{0904D3BA-61AA-43BF-AF8D-3B316CF6D3C5}"
EndProject
Project("{9A19103F-16F7-4668-BE54-9A1E7A4F7556}") = "MovieService.WebAPI", "src\Services\MovieService\MovieService.WebAPI\MovieService.WebAPI.csproj", "{9340EFEA-FCB6-4523-AB3F-0B063AEAEB46}"
EndProject
Project("{9A19103F-16F7-4668-BE54-9A1E7A4F7556}") = "BuildingBlocks.Core.Persistence.MsSQL", "src\BuildingBlocks\Core\BuildingBlocks.Core.Persistence.MsSQL\BuildingBlocks.Core.Persistence.MsSQL.csproj", "{8687933F-D9A1-4C97-AB16-B4CFF8468594}"
EndProject
Project("{9A19103F-16F7-4668-BE54-9A1E7A4F7556}") = "BuildingBlocks.Core.Persistence.PostgreSQL", "src\BuildingBlocks\Core\BuildingBlocks.Core.Persistence.PostgreSQL\BuildingBlocks.Core.Persistence.PostgreSQL.csproj", "{DB2A8C5B-0F5B-40F4-A596-84B7C2B99D1B}"
EndProject
Project("{9A19103F-16F7-4668-BE54-9A1E7A4F7556}") = "ConsoleApp", "src\Services\ConsoleApp\ConsoleApp\ConsoleApp.csproj", "{378BD293-8FA0-4C48-881B-CDCE3A828F55}"
EndProject
Project("{9A19103F-16F7-4668-BE54-9A1E7A4F7556}") = "Domain.Tests", "src\Services\IdentityService\IdentityService.Tests\Domain.Tests\Domain.Tests.csproj", "{F89A1708-CA5B-4AC0-93D4-30C3EE68AF17}"
EndProject
Project("{2150E333-8FDC-42A3-9474-1A3956D46DE8}") = "Tests", "Tests", "{BFE16508-9D14-4091-8162-BC6790413B72}"
EndProject
Project("{2150E333-8FDC-42A3-9474-1A3956D46DE8}") = "DirectorService", "DirectorService", "{FEA31BA9-4C96-49E5-8C85-4C4CD299F138}"
EndProject
Project("{9A19103F-16F7-4668-BE54-9A1E7A4F7556}") = "DirectorService.Application", "src\Services\DirectorService\DirectorService.Application\DirectorService.Application.csproj", "{16855C24-FBA3-4244-8ADB-5BC7CD075AB8}"
EndProject
Project("{9A19103F-16F7-4668-BE54-9A1E7A4F7556}") = "DirectorService.Contracts", "src\Services\DirectorService\DirectorService.Contracts\DirectorService.Contracts.csproj", "{B93D1F29-317F-4C4F-9185-571AD71756C5}"
EndProject
Project("{9A19103F-16F7-4668-BE54-9A1E7A4F7556}") = "DirectorService.Domain", "src\Services\DirectorService\DirectorService.Domain\DirectorService.Domain.csproj", "{BA155D43-C60A-4FC4-947B-2F507E04B2F1}"
EndProject
Project("{9A19103F-16F7-4668-BE54-9A1E7A4F7556}") = "DirectorService.Infrastructure", "src\Services\DirectorService\DirectorService.Infrastructure\DirectorService.Infrastructure.csproj", "{F2C78294-E735-4BDE-BE93-4300484800BC}"
EndProject
Project("{9A19103F-16F7-4668-BE54-9A1E7A4F7556}") = "DirectorService.Persistence", "src\Services\DirectorService\DirectorService.Persistence\DirectorService.Persistence.csproj", "{19F955A1-B793-4165-9E26-D3781E2C686C}"
EndProject
Project("{9A19103F-16F7-4668-BE54-9A1E7A4F7556}") = "DirectorService.WebAPI", "src\Services\DirectorService\DirectorService.WebAPI\DirectorService.WebAPI.csproj", "{B3517C8D-E880-43D0-A734-75FEAEEBEC5F}"
EndProject
Project("{9A19103F-16F7-4668-BE54-9A1E7A4F7556}") = "BuildingBlocks.Core.Abstractions.Domain", "src\BuildingBlocks\Core\BuildingBlocks.Core.Abstractions.Domain\BuildingBlocks.Core.Abstractions.Domain.csproj", "{58FF0D2A-828D-4D00-8731-A5ECFDD1BC9B}"
EndProject
Project("{2150E333-8FDC-42A3-9474-1A3956D46DE8}") = "ActorService", "ActorService", "{4D0EAA54-BD8D-4DA8-96EE-2208AD15CE67}"
EndProject
Project("{9A19103F-16F7-4668-BE54-9A1E7A4F7556}") = "ActorService.Application", "src\Services\ActorService\ActorService.Application\ActorService.Application.csproj", "{35E37EF2-9C6D-453C-A6EA-613AF6789BC0}"
EndProject
Project("{9A19103F-16F7-4668-BE54-9A1E7A4F7556}") = "ActorService.Contracts", "src\Services\ActorService\ActorService.Contracts\ActorService.Contracts.csproj", "{7BED7023-B523-43A0-8662-5FBC41036AAE}"
EndProject
Project("{9A19103F-16F7-4668-BE54-9A1E7A4F7556}") = "ActorService.Domain", "src\Services\ActorService\ActorService.Domain\ActorService.Domain.csproj", "{E518228E-D96D-4A93-AC78-8A4AEF793FE3}"
EndProject
Project("{9A19103F-16F7-4668-BE54-9A1E7A4F7556}") = "ActorService.Infrastructure", "src\Services\ActorService\ActorService.Infrastructure\ActorService.Infrastructure.csproj", "{6DF1D521-CA0C-4FA8-A35B-C9110AB3BBA0}"
EndProject
Project("{9A19103F-16F7-4668-BE54-9A1E7A4F7556}") = "ActorService.Persistence", "src\Services\ActorService\ActorService.Persistence\ActorService.Persistence.csproj", "{70018108-ABEF-45DF-BED0-F7C64426FAF7}"
EndProject
Project("{9A19103F-16F7-4668-BE54-9A1E7A4F7556}") = "ActorService.WebAPI", "src\Services\ActorService\ActorService.WebAPI\ActorService.WebAPI.csproj", "{D389BB4F-2D62-462B-9AF5-152D5649AF08}"
EndProject
Global
	GlobalSection(SolutionConfigurationPlatforms) = preSolution
		Debug|Any CPU = Debug|Any CPU
		Release|Any CPU = Release|Any CPU
	EndGlobalSection
	GlobalSection(ProjectConfigurationPlatforms) = postSolution
		{799C0EEE-4745-4264-A241-12741C9A1AC9}.Debug|Any CPU.ActiveCfg = Debug|Any CPU
		{799C0EEE-4745-4264-A241-12741C9A1AC9}.Debug|Any CPU.Build.0 = Debug|Any CPU
		{799C0EEE-4745-4264-A241-12741C9A1AC9}.Release|Any CPU.ActiveCfg = Release|Any CPU
		{799C0EEE-4745-4264-A241-12741C9A1AC9}.Release|Any CPU.Build.0 = Release|Any CPU
		{8A0123E3-2ADA-4A44-B2FA-2B025D49371C}.Debug|Any CPU.ActiveCfg = Debug|Any CPU
		{8A0123E3-2ADA-4A44-B2FA-2B025D49371C}.Debug|Any CPU.Build.0 = Debug|Any CPU
		{8A0123E3-2ADA-4A44-B2FA-2B025D49371C}.Release|Any CPU.ActiveCfg = Release|Any CPU
		{8A0123E3-2ADA-4A44-B2FA-2B025D49371C}.Release|Any CPU.Build.0 = Release|Any CPU
		{8C655E25-B65F-4257-ACC1-05BB9EC4FE5A}.Debug|Any CPU.ActiveCfg = Debug|Any CPU
		{8C655E25-B65F-4257-ACC1-05BB9EC4FE5A}.Debug|Any CPU.Build.0 = Debug|Any CPU
		{8C655E25-B65F-4257-ACC1-05BB9EC4FE5A}.Release|Any CPU.ActiveCfg = Release|Any CPU
		{8C655E25-B65F-4257-ACC1-05BB9EC4FE5A}.Release|Any CPU.Build.0 = Release|Any CPU
		{8CC78DDE-5370-48A0-AB22-9A5492A1458E}.Debug|Any CPU.ActiveCfg = Debug|Any CPU
		{8CC78DDE-5370-48A0-AB22-9A5492A1458E}.Debug|Any CPU.Build.0 = Debug|Any CPU
		{8CC78DDE-5370-48A0-AB22-9A5492A1458E}.Release|Any CPU.ActiveCfg = Release|Any CPU
		{8CC78DDE-5370-48A0-AB22-9A5492A1458E}.Release|Any CPU.Build.0 = Release|Any CPU
		{CCB5A9AF-A0D8-42A0-BF56-51E6DAC9CA78}.Debug|Any CPU.ActiveCfg = Debug|Any CPU
		{CCB5A9AF-A0D8-42A0-BF56-51E6DAC9CA78}.Debug|Any CPU.Build.0 = Debug|Any CPU
		{CCB5A9AF-A0D8-42A0-BF56-51E6DAC9CA78}.Release|Any CPU.ActiveCfg = Release|Any CPU
		{CCB5A9AF-A0D8-42A0-BF56-51E6DAC9CA78}.Release|Any CPU.Build.0 = Release|Any CPU
		{250A15E1-B4C3-478F-893C-B117FF2F2917}.Debug|Any CPU.ActiveCfg = Debug|Any CPU
		{250A15E1-B4C3-478F-893C-B117FF2F2917}.Debug|Any CPU.Build.0 = Debug|Any CPU
		{250A15E1-B4C3-478F-893C-B117FF2F2917}.Release|Any CPU.ActiveCfg = Release|Any CPU
		{250A15E1-B4C3-478F-893C-B117FF2F2917}.Release|Any CPU.Build.0 = Release|Any CPU
		{C39A45A6-0B00-4022-BC7A-D55123FD81EA}.Debug|Any CPU.ActiveCfg = Debug|Any CPU
		{C39A45A6-0B00-4022-BC7A-D55123FD81EA}.Debug|Any CPU.Build.0 = Debug|Any CPU
		{C39A45A6-0B00-4022-BC7A-D55123FD81EA}.Release|Any CPU.ActiveCfg = Release|Any CPU
		{C39A45A6-0B00-4022-BC7A-D55123FD81EA}.Release|Any CPU.Build.0 = Release|Any CPU
		{06516E77-76B9-44F8-B644-C4AC194611A6}.Debug|Any CPU.ActiveCfg = Debug|Any CPU
		{06516E77-76B9-44F8-B644-C4AC194611A6}.Debug|Any CPU.Build.0 = Debug|Any CPU
		{06516E77-76B9-44F8-B644-C4AC194611A6}.Release|Any CPU.ActiveCfg = Release|Any CPU
		{06516E77-76B9-44F8-B644-C4AC194611A6}.Release|Any CPU.Build.0 = Release|Any CPU
		{06DAE0CA-B51C-4083-B1CF-A1DBFC18BA55}.Debug|Any CPU.ActiveCfg = Debug|Any CPU
		{06DAE0CA-B51C-4083-B1CF-A1DBFC18BA55}.Debug|Any CPU.Build.0 = Debug|Any CPU
		{06DAE0CA-B51C-4083-B1CF-A1DBFC18BA55}.Release|Any CPU.ActiveCfg = Release|Any CPU
		{06DAE0CA-B51C-4083-B1CF-A1DBFC18BA55}.Release|Any CPU.Build.0 = Release|Any CPU
		{3F313949-EEA3-4619-96C8-2B311C77A6DD}.Debug|Any CPU.ActiveCfg = Debug|Any CPU
		{3F313949-EEA3-4619-96C8-2B311C77A6DD}.Debug|Any CPU.Build.0 = Debug|Any CPU
		{3F313949-EEA3-4619-96C8-2B311C77A6DD}.Release|Any CPU.ActiveCfg = Release|Any CPU
		{3F313949-EEA3-4619-96C8-2B311C77A6DD}.Release|Any CPU.Build.0 = Release|Any CPU
		{DE18226E-27C9-4A57-B7FA-3BEE839D4FC8}.Debug|Any CPU.ActiveCfg = Debug|Any CPU
		{DE18226E-27C9-4A57-B7FA-3BEE839D4FC8}.Debug|Any CPU.Build.0 = Debug|Any CPU
		{DE18226E-27C9-4A57-B7FA-3BEE839D4FC8}.Release|Any CPU.ActiveCfg = Release|Any CPU
		{DE18226E-27C9-4A57-B7FA-3BEE839D4FC8}.Release|Any CPU.Build.0 = Release|Any CPU
		{2FA8A640-DC67-4EBA-90FA-D7F1836EA0C0}.Debug|Any CPU.ActiveCfg = Debug|Any CPU
		{2FA8A640-DC67-4EBA-90FA-D7F1836EA0C0}.Debug|Any CPU.Build.0 = Debug|Any CPU
		{2FA8A640-DC67-4EBA-90FA-D7F1836EA0C0}.Release|Any CPU.ActiveCfg = Release|Any CPU
		{2FA8A640-DC67-4EBA-90FA-D7F1836EA0C0}.Release|Any CPU.Build.0 = Release|Any CPU
		{7CBDA446-8365-4AE1-B3B9-7FBFDB615EE5}.Debug|Any CPU.ActiveCfg = Debug|Any CPU
		{7CBDA446-8365-4AE1-B3B9-7FBFDB615EE5}.Debug|Any CPU.Build.0 = Debug|Any CPU
		{7CBDA446-8365-4AE1-B3B9-7FBFDB615EE5}.Release|Any CPU.ActiveCfg = Release|Any CPU
		{7CBDA446-8365-4AE1-B3B9-7FBFDB615EE5}.Release|Any CPU.Build.0 = Release|Any CPU
		{D4B786AB-D561-44D8-8F86-31655ED8A262}.Debug|Any CPU.ActiveCfg = Debug|Any CPU
		{D4B786AB-D561-44D8-8F86-31655ED8A262}.Debug|Any CPU.Build.0 = Debug|Any CPU
		{D4B786AB-D561-44D8-8F86-31655ED8A262}.Release|Any CPU.ActiveCfg = Release|Any CPU
		{D4B786AB-D561-44D8-8F86-31655ED8A262}.Release|Any CPU.Build.0 = Release|Any CPU
		{B515A700-4A0C-4EB0-B4F5-C81084E93040}.Debug|Any CPU.ActiveCfg = Debug|Any CPU
		{B515A700-4A0C-4EB0-B4F5-C81084E93040}.Debug|Any CPU.Build.0 = Debug|Any CPU
		{B515A700-4A0C-4EB0-B4F5-C81084E93040}.Release|Any CPU.ActiveCfg = Release|Any CPU
		{B515A700-4A0C-4EB0-B4F5-C81084E93040}.Release|Any CPU.Build.0 = Release|Any CPU
		{9E14B039-0437-42C1-B9E3-0BEE90628C66}.Debug|Any CPU.ActiveCfg = Debug|Any CPU
		{9E14B039-0437-42C1-B9E3-0BEE90628C66}.Debug|Any CPU.Build.0 = Debug|Any CPU
		{9E14B039-0437-42C1-B9E3-0BEE90628C66}.Release|Any CPU.ActiveCfg = Release|Any CPU
		{9E14B039-0437-42C1-B9E3-0BEE90628C66}.Release|Any CPU.Build.0 = Release|Any CPU
		{B69B7DAA-019A-4091-9FA6-8E9954D62FF6}.Debug|Any CPU.ActiveCfg = Debug|Any CPU
		{B69B7DAA-019A-4091-9FA6-8E9954D62FF6}.Debug|Any CPU.Build.0 = Debug|Any CPU
		{B69B7DAA-019A-4091-9FA6-8E9954D62FF6}.Release|Any CPU.ActiveCfg = Release|Any CPU
		{B69B7DAA-019A-4091-9FA6-8E9954D62FF6}.Release|Any CPU.Build.0 = Release|Any CPU
		{9ED760E8-B6B1-4435-952B-EDE11713EFCE}.Debug|Any CPU.ActiveCfg = Debug|Any CPU
		{9ED760E8-B6B1-4435-952B-EDE11713EFCE}.Debug|Any CPU.Build.0 = Debug|Any CPU
		{9ED760E8-B6B1-4435-952B-EDE11713EFCE}.Release|Any CPU.ActiveCfg = Release|Any CPU
		{9ED760E8-B6B1-4435-952B-EDE11713EFCE}.Release|Any CPU.Build.0 = Release|Any CPU
		{B9821A03-4092-4781-92C6-B46297D9B4B0}.Debug|Any CPU.ActiveCfg = Debug|Any CPU
		{B9821A03-4092-4781-92C6-B46297D9B4B0}.Debug|Any CPU.Build.0 = Debug|Any CPU
		{B9821A03-4092-4781-92C6-B46297D9B4B0}.Release|Any CPU.ActiveCfg = Release|Any CPU
		{B9821A03-4092-4781-92C6-B46297D9B4B0}.Release|Any CPU.Build.0 = Release|Any CPU
		{E47A7AE2-5BD1-4A11-ACF2-94AC67B5B1E1}.Debug|Any CPU.ActiveCfg = Debug|Any CPU
		{E47A7AE2-5BD1-4A11-ACF2-94AC67B5B1E1}.Debug|Any CPU.Build.0 = Debug|Any CPU
		{E47A7AE2-5BD1-4A11-ACF2-94AC67B5B1E1}.Release|Any CPU.ActiveCfg = Release|Any CPU
		{E47A7AE2-5BD1-4A11-ACF2-94AC67B5B1E1}.Release|Any CPU.Build.0 = Release|Any CPU
		{FF2ED386-5B80-452B-B362-544AA3DF0A10}.Debug|Any CPU.ActiveCfg = Debug|Any CPU
		{FF2ED386-5B80-452B-B362-544AA3DF0A10}.Debug|Any CPU.Build.0 = Debug|Any CPU
		{FF2ED386-5B80-452B-B362-544AA3DF0A10}.Release|Any CPU.ActiveCfg = Release|Any CPU
		{FF2ED386-5B80-452B-B362-544AA3DF0A10}.Release|Any CPU.Build.0 = Release|Any CPU
		{1C9C4C68-B5E3-4DCE-9BC9-96B5ECDED430}.Debug|Any CPU.ActiveCfg = Debug|Any CPU
		{1C9C4C68-B5E3-4DCE-9BC9-96B5ECDED430}.Debug|Any CPU.Build.0 = Debug|Any CPU
		{1C9C4C68-B5E3-4DCE-9BC9-96B5ECDED430}.Release|Any CPU.ActiveCfg = Release|Any CPU
		{1C9C4C68-B5E3-4DCE-9BC9-96B5ECDED430}.Release|Any CPU.Build.0 = Release|Any CPU
		{18884592-4CFD-48A1-8B52-8B799119CB8E}.Debug|Any CPU.ActiveCfg = Debug|Any CPU
		{18884592-4CFD-48A1-8B52-8B799119CB8E}.Debug|Any CPU.Build.0 = Debug|Any CPU
		{18884592-4CFD-48A1-8B52-8B799119CB8E}.Release|Any CPU.ActiveCfg = Release|Any CPU
		{18884592-4CFD-48A1-8B52-8B799119CB8E}.Release|Any CPU.Build.0 = Release|Any CPU
		{52FA0939-C855-4F76-84ED-30F24A321910}.Debug|Any CPU.ActiveCfg = Debug|Any CPU
		{52FA0939-C855-4F76-84ED-30F24A321910}.Debug|Any CPU.Build.0 = Debug|Any CPU
		{52FA0939-C855-4F76-84ED-30F24A321910}.Release|Any CPU.ActiveCfg = Release|Any CPU
		{52FA0939-C855-4F76-84ED-30F24A321910}.Release|Any CPU.Build.0 = Release|Any CPU
		{5BF23DBC-5F4D-4450-89A4-7B0AA150C6BE}.Debug|Any CPU.ActiveCfg = Debug|Any CPU
		{5BF23DBC-5F4D-4450-89A4-7B0AA150C6BE}.Debug|Any CPU.Build.0 = Debug|Any CPU
		{5BF23DBC-5F4D-4450-89A4-7B0AA150C6BE}.Release|Any CPU.ActiveCfg = Release|Any CPU
		{5BF23DBC-5F4D-4450-89A4-7B0AA150C6BE}.Release|Any CPU.Build.0 = Release|Any CPU
		{5AEE925E-7839-44AB-98B3-39E6E9C067BF}.Debug|Any CPU.ActiveCfg = Debug|Any CPU
		{5AEE925E-7839-44AB-98B3-39E6E9C067BF}.Debug|Any CPU.Build.0 = Debug|Any CPU
		{5AEE925E-7839-44AB-98B3-39E6E9C067BF}.Release|Any CPU.ActiveCfg = Release|Any CPU
		{5AEE925E-7839-44AB-98B3-39E6E9C067BF}.Release|Any CPU.Build.0 = Release|Any CPU
		{9C79FCCF-F551-451A-887C-B43B03DF87F3}.Debug|Any CPU.ActiveCfg = Debug|Any CPU
		{9C79FCCF-F551-451A-887C-B43B03DF87F3}.Debug|Any CPU.Build.0 = Debug|Any CPU
		{9C79FCCF-F551-451A-887C-B43B03DF87F3}.Release|Any CPU.ActiveCfg = Release|Any CPU
		{9C79FCCF-F551-451A-887C-B43B03DF87F3}.Release|Any CPU.Build.0 = Release|Any CPU
		{0904D3BA-61AA-43BF-AF8D-3B316CF6D3C5}.Debug|Any CPU.ActiveCfg = Debug|Any CPU
		{0904D3BA-61AA-43BF-AF8D-3B316CF6D3C5}.Debug|Any CPU.Build.0 = Debug|Any CPU
		{0904D3BA-61AA-43BF-AF8D-3B316CF6D3C5}.Release|Any CPU.ActiveCfg = Release|Any CPU
		{0904D3BA-61AA-43BF-AF8D-3B316CF6D3C5}.Release|Any CPU.Build.0 = Release|Any CPU
		{9340EFEA-FCB6-4523-AB3F-0B063AEAEB46}.Debug|Any CPU.ActiveCfg = Debug|Any CPU
		{9340EFEA-FCB6-4523-AB3F-0B063AEAEB46}.Debug|Any CPU.Build.0 = Debug|Any CPU
		{9340EFEA-FCB6-4523-AB3F-0B063AEAEB46}.Release|Any CPU.ActiveCfg = Release|Any CPU
		{9340EFEA-FCB6-4523-AB3F-0B063AEAEB46}.Release|Any CPU.Build.0 = Release|Any CPU
		{8687933F-D9A1-4C97-AB16-B4CFF8468594}.Debug|Any CPU.ActiveCfg = Debug|Any CPU
		{8687933F-D9A1-4C97-AB16-B4CFF8468594}.Debug|Any CPU.Build.0 = Debug|Any CPU
		{8687933F-D9A1-4C97-AB16-B4CFF8468594}.Release|Any CPU.ActiveCfg = Release|Any CPU
		{8687933F-D9A1-4C97-AB16-B4CFF8468594}.Release|Any CPU.Build.0 = Release|Any CPU
		{DB2A8C5B-0F5B-40F4-A596-84B7C2B99D1B}.Debug|Any CPU.ActiveCfg = Debug|Any CPU
		{DB2A8C5B-0F5B-40F4-A596-84B7C2B99D1B}.Debug|Any CPU.Build.0 = Debug|Any CPU
		{DB2A8C5B-0F5B-40F4-A596-84B7C2B99D1B}.Release|Any CPU.ActiveCfg = Release|Any CPU
		{DB2A8C5B-0F5B-40F4-A596-84B7C2B99D1B}.Release|Any CPU.Build.0 = Release|Any CPU
		{378BD293-8FA0-4C48-881B-CDCE3A828F55}.Debug|Any CPU.ActiveCfg = Debug|Any CPU
		{378BD293-8FA0-4C48-881B-CDCE3A828F55}.Debug|Any CPU.Build.0 = Debug|Any CPU
		{378BD293-8FA0-4C48-881B-CDCE3A828F55}.Release|Any CPU.ActiveCfg = Release|Any CPU
		{378BD293-8FA0-4C48-881B-CDCE3A828F55}.Release|Any CPU.Build.0 = Release|Any CPU
		{F89A1708-CA5B-4AC0-93D4-30C3EE68AF17}.Debug|Any CPU.ActiveCfg = Debug|Any CPU
		{F89A1708-CA5B-4AC0-93D4-30C3EE68AF17}.Debug|Any CPU.Build.0 = Debug|Any CPU
		{F89A1708-CA5B-4AC0-93D4-30C3EE68AF17}.Release|Any CPU.ActiveCfg = Release|Any CPU
		{F89A1708-CA5B-4AC0-93D4-30C3EE68AF17}.Release|Any CPU.Build.0 = Release|Any CPU
		{16855C24-FBA3-4244-8ADB-5BC7CD075AB8}.Debug|Any CPU.ActiveCfg = Debug|Any CPU
		{16855C24-FBA3-4244-8ADB-5BC7CD075AB8}.Debug|Any CPU.Build.0 = Debug|Any CPU
		{16855C24-FBA3-4244-8ADB-5BC7CD075AB8}.Release|Any CPU.ActiveCfg = Release|Any CPU
		{16855C24-FBA3-4244-8ADB-5BC7CD075AB8}.Release|Any CPU.Build.0 = Release|Any CPU
		{B93D1F29-317F-4C4F-9185-571AD71756C5}.Debug|Any CPU.ActiveCfg = Debug|Any CPU
		{B93D1F29-317F-4C4F-9185-571AD71756C5}.Debug|Any CPU.Build.0 = Debug|Any CPU
		{B93D1F29-317F-4C4F-9185-571AD71756C5}.Release|Any CPU.ActiveCfg = Release|Any CPU
		{B93D1F29-317F-4C4F-9185-571AD71756C5}.Release|Any CPU.Build.0 = Release|Any CPU
		{BA155D43-C60A-4FC4-947B-2F507E04B2F1}.Debug|Any CPU.ActiveCfg = Debug|Any CPU
		{BA155D43-C60A-4FC4-947B-2F507E04B2F1}.Debug|Any CPU.Build.0 = Debug|Any CPU
		{BA155D43-C60A-4FC4-947B-2F507E04B2F1}.Release|Any CPU.ActiveCfg = Release|Any CPU
		{BA155D43-C60A-4FC4-947B-2F507E04B2F1}.Release|Any CPU.Build.0 = Release|Any CPU
		{F2C78294-E735-4BDE-BE93-4300484800BC}.Debug|Any CPU.ActiveCfg = Debug|Any CPU
		{F2C78294-E735-4BDE-BE93-4300484800BC}.Debug|Any CPU.Build.0 = Debug|Any CPU
		{F2C78294-E735-4BDE-BE93-4300484800BC}.Release|Any CPU.ActiveCfg = Release|Any CPU
		{F2C78294-E735-4BDE-BE93-4300484800BC}.Release|Any CPU.Build.0 = Release|Any CPU
		{19F955A1-B793-4165-9E26-D3781E2C686C}.Debug|Any CPU.ActiveCfg = Debug|Any CPU
		{19F955A1-B793-4165-9E26-D3781E2C686C}.Debug|Any CPU.Build.0 = Debug|Any CPU
		{19F955A1-B793-4165-9E26-D3781E2C686C}.Release|Any CPU.ActiveCfg = Release|Any CPU
		{19F955A1-B793-4165-9E26-D3781E2C686C}.Release|Any CPU.Build.0 = Release|Any CPU
		{B3517C8D-E880-43D0-A734-75FEAEEBEC5F}.Debug|Any CPU.ActiveCfg = Debug|Any CPU
		{B3517C8D-E880-43D0-A734-75FEAEEBEC5F}.Debug|Any CPU.Build.0 = Debug|Any CPU
		{B3517C8D-E880-43D0-A734-75FEAEEBEC5F}.Release|Any CPU.ActiveCfg = Release|Any CPU
		{B3517C8D-E880-43D0-A734-75FEAEEBEC5F}.Release|Any CPU.Build.0 = Release|Any CPU
		{58FF0D2A-828D-4D00-8731-A5ECFDD1BC9B}.Debug|Any CPU.ActiveCfg = Debug|Any CPU
		{58FF0D2A-828D-4D00-8731-A5ECFDD1BC9B}.Debug|Any CPU.Build.0 = Debug|Any CPU
		{58FF0D2A-828D-4D00-8731-A5ECFDD1BC9B}.Release|Any CPU.ActiveCfg = Release|Any CPU
		{58FF0D2A-828D-4D00-8731-A5ECFDD1BC9B}.Release|Any CPU.Build.0 = Release|Any CPU
		{35E37EF2-9C6D-453C-A6EA-613AF6789BC0}.Debug|Any CPU.ActiveCfg = Debug|Any CPU
		{35E37EF2-9C6D-453C-A6EA-613AF6789BC0}.Debug|Any CPU.Build.0 = Debug|Any CPU
		{35E37EF2-9C6D-453C-A6EA-613AF6789BC0}.Release|Any CPU.ActiveCfg = Release|Any CPU
		{35E37EF2-9C6D-453C-A6EA-613AF6789BC0}.Release|Any CPU.Build.0 = Release|Any CPU
		{7BED7023-B523-43A0-8662-5FBC41036AAE}.Debug|Any CPU.ActiveCfg = Debug|Any CPU
		{7BED7023-B523-43A0-8662-5FBC41036AAE}.Debug|Any CPU.Build.0 = Debug|Any CPU
		{7BED7023-B523-43A0-8662-5FBC41036AAE}.Release|Any CPU.ActiveCfg = Release|Any CPU
		{7BED7023-B523-43A0-8662-5FBC41036AAE}.Release|Any CPU.Build.0 = Release|Any CPU
		{E518228E-D96D-4A93-AC78-8A4AEF793FE3}.Debug|Any CPU.ActiveCfg = Debug|Any CPU
		{E518228E-D96D-4A93-AC78-8A4AEF793FE3}.Debug|Any CPU.Build.0 = Debug|Any CPU
		{E518228E-D96D-4A93-AC78-8A4AEF793FE3}.Release|Any CPU.ActiveCfg = Release|Any CPU
		{E518228E-D96D-4A93-AC78-8A4AEF793FE3}.Release|Any CPU.Build.0 = Release|Any CPU
		{6DF1D521-CA0C-4FA8-A35B-C9110AB3BBA0}.Debug|Any CPU.ActiveCfg = Debug|Any CPU
		{6DF1D521-CA0C-4FA8-A35B-C9110AB3BBA0}.Debug|Any CPU.Build.0 = Debug|Any CPU
		{6DF1D521-CA0C-4FA8-A35B-C9110AB3BBA0}.Release|Any CPU.ActiveCfg = Release|Any CPU
		{6DF1D521-CA0C-4FA8-A35B-C9110AB3BBA0}.Release|Any CPU.Build.0 = Release|Any CPU
		{70018108-ABEF-45DF-BED0-F7C64426FAF7}.Debug|Any CPU.ActiveCfg = Debug|Any CPU
		{70018108-ABEF-45DF-BED0-F7C64426FAF7}.Debug|Any CPU.Build.0 = Debug|Any CPU
		{70018108-ABEF-45DF-BED0-F7C64426FAF7}.Release|Any CPU.ActiveCfg = Release|Any CPU
		{70018108-ABEF-45DF-BED0-F7C64426FAF7}.Release|Any CPU.Build.0 = Release|Any CPU
		{D389BB4F-2D62-462B-9AF5-152D5649AF08}.Debug|Any CPU.ActiveCfg = Debug|Any CPU
		{D389BB4F-2D62-462B-9AF5-152D5649AF08}.Debug|Any CPU.Build.0 = Debug|Any CPU
		{D389BB4F-2D62-462B-9AF5-152D5649AF08}.Release|Any CPU.ActiveCfg = Release|Any CPU
		{D389BB4F-2D62-462B-9AF5-152D5649AF08}.Release|Any CPU.Build.0 = Release|Any CPU
	EndGlobalSection
	GlobalSection(SolutionProperties) = preSolution
		HideSolutionNode = FALSE
	EndGlobalSection
	GlobalSection(NestedProjects) = preSolution
		{45081A83-FC3E-4CEA-8B18-642FCA0858CA} = {CCE97C0D-13BC-4A44-A58D-D8670D052617}
		{9C0C9FB8-BC97-4509-9A0E-DFEC93B6610F} = {45081A83-FC3E-4CEA-8B18-642FCA0858CA}
		{799C0EEE-4745-4264-A241-12741C9A1AC9} = {9C0C9FB8-BC97-4509-9A0E-DFEC93B6610F}
		{8A0123E3-2ADA-4A44-B2FA-2B025D49371C} = {9C0C9FB8-BC97-4509-9A0E-DFEC93B6610F}
		{8C655E25-B65F-4257-ACC1-05BB9EC4FE5A} = {9C0C9FB8-BC97-4509-9A0E-DFEC93B6610F}
		{8CC78DDE-5370-48A0-AB22-9A5492A1458E} = {9C0C9FB8-BC97-4509-9A0E-DFEC93B6610F}
		{CCB5A9AF-A0D8-42A0-BF56-51E6DAC9CA78} = {9C0C9FB8-BC97-4509-9A0E-DFEC93B6610F}
		{93084F68-588F-47E5-A669-0B2B2C98A172} = {CCE97C0D-13BC-4A44-A58D-D8670D052617}
		{68E22BDB-1A98-4596-9972-6D96EAEC0020} = {93084F68-588F-47E5-A669-0B2B2C98A172}
		{250A15E1-B4C3-478F-893C-B117FF2F2917} = {68E22BDB-1A98-4596-9972-6D96EAEC0020}
		{C39A45A6-0B00-4022-BC7A-D55123FD81EA} = {68E22BDB-1A98-4596-9972-6D96EAEC0020}
		{06516E77-76B9-44F8-B644-C4AC194611A6} = {68E22BDB-1A98-4596-9972-6D96EAEC0020}
		{06DAE0CA-B51C-4083-B1CF-A1DBFC18BA55} = {68E22BDB-1A98-4596-9972-6D96EAEC0020}
		{3F313949-EEA3-4619-96C8-2B311C77A6DD} = {68E22BDB-1A98-4596-9972-6D96EAEC0020}
		{DE18226E-27C9-4A57-B7FA-3BEE839D4FC8} = {68E22BDB-1A98-4596-9972-6D96EAEC0020}
		{2FA8A640-DC67-4EBA-90FA-D7F1836EA0C0} = {9C0C9FB8-BC97-4509-9A0E-DFEC93B6610F}
		{863804FD-7710-4D14-886D-7D668596AF02} = {45081A83-FC3E-4CEA-8B18-642FCA0858CA}
		{7CBDA446-8365-4AE1-B3B9-7FBFDB615EE5} = {863804FD-7710-4D14-886D-7D668596AF02}
		{D4B786AB-D561-44D8-8F86-31655ED8A262} = {863804FD-7710-4D14-886D-7D668596AF02}
		{B515A700-4A0C-4EB0-B4F5-C81084E93040} = {863804FD-7710-4D14-886D-7D668596AF02}
		{9E14B039-0437-42C1-B9E3-0BEE90628C66} = {863804FD-7710-4D14-886D-7D668596AF02}
		{48BA65A5-B216-4DFD-BBD6-3E5213BB65DF} = {93084F68-588F-47E5-A669-0B2B2C98A172}
		{9ED760E8-B6B1-4435-952B-EDE11713EFCE} = {48BA65A5-B216-4DFD-BBD6-3E5213BB65DF}
		{B9821A03-4092-4781-92C6-B46297D9B4B0} = {48BA65A5-B216-4DFD-BBD6-3E5213BB65DF}
		{E47A7AE2-5BD1-4A11-ACF2-94AC67B5B1E1} = {48BA65A5-B216-4DFD-BBD6-3E5213BB65DF}
		{FF2ED386-5B80-452B-B362-544AA3DF0A10} = {48BA65A5-B216-4DFD-BBD6-3E5213BB65DF}
		{1C9C4C68-B5E3-4DCE-9BC9-96B5ECDED430} = {48BA65A5-B216-4DFD-BBD6-3E5213BB65DF}
		{18884592-4CFD-48A1-8B52-8B799119CB8E} = {48BA65A5-B216-4DFD-BBD6-3E5213BB65DF}
		{27571D3B-2026-4906-A4B9-87984B816DF3} = {93084F68-588F-47E5-A669-0B2B2C98A172}
		{52FA0939-C855-4F76-84ED-30F24A321910} = {27571D3B-2026-4906-A4B9-87984B816DF3}
		{5BF23DBC-5F4D-4450-89A4-7B0AA150C6BE} = {27571D3B-2026-4906-A4B9-87984B816DF3}
		{5AEE925E-7839-44AB-98B3-39E6E9C067BF} = {27571D3B-2026-4906-A4B9-87984B816DF3}
		{9C79FCCF-F551-451A-887C-B43B03DF87F3} = {27571D3B-2026-4906-A4B9-87984B816DF3}
		{0904D3BA-61AA-43BF-AF8D-3B316CF6D3C5} = {27571D3B-2026-4906-A4B9-87984B816DF3}
		{9340EFEA-FCB6-4523-AB3F-0B063AEAEB46} = {27571D3B-2026-4906-A4B9-87984B816DF3}
		{8687933F-D9A1-4C97-AB16-B4CFF8468594} = {9C0C9FB8-BC97-4509-9A0E-DFEC93B6610F}
		{DB2A8C5B-0F5B-40F4-A596-84B7C2B99D1B} = {9C0C9FB8-BC97-4509-9A0E-DFEC93B6610F}
		{378BD293-8FA0-4C48-881B-CDCE3A828F55} = {93084F68-588F-47E5-A669-0B2B2C98A172}
		{F89A1708-CA5B-4AC0-93D4-30C3EE68AF17} = {BFE16508-9D14-4091-8162-BC6790413B72}
		{BFE16508-9D14-4091-8162-BC6790413B72} = {48BA65A5-B216-4DFD-BBD6-3E5213BB65DF}
		{FEA31BA9-4C96-49E5-8C85-4C4CD299F138} = {93084F68-588F-47E5-A669-0B2B2C98A172}
		{16855C24-FBA3-4244-8ADB-5BC7CD075AB8} = {FEA31BA9-4C96-49E5-8C85-4C4CD299F138}
		{B93D1F29-317F-4C4F-9185-571AD71756C5} = {FEA31BA9-4C96-49E5-8C85-4C4CD299F138}
		{BA155D43-C60A-4FC4-947B-2F507E04B2F1} = {FEA31BA9-4C96-49E5-8C85-4C4CD299F138}
		{F2C78294-E735-4BDE-BE93-4300484800BC} = {FEA31BA9-4C96-49E5-8C85-4C4CD299F138}
		{19F955A1-B793-4165-9E26-D3781E2C686C} = {FEA31BA9-4C96-49E5-8C85-4C4CD299F138}
		{B3517C8D-E880-43D0-A734-75FEAEEBEC5F} = {FEA31BA9-4C96-49E5-8C85-4C4CD299F138}
		{58FF0D2A-828D-4D00-8731-A5ECFDD1BC9B} = {9C0C9FB8-BC97-4509-9A0E-DFEC93B6610F}
		{4D0EAA54-BD8D-4DA8-96EE-2208AD15CE67} = {93084F68-588F-47E5-A669-0B2B2C98A172}
		{35E37EF2-9C6D-453C-A6EA-613AF6789BC0} = {4D0EAA54-BD8D-4DA8-96EE-2208AD15CE67}
		{7BED7023-B523-43A0-8662-5FBC41036AAE} = {4D0EAA54-BD8D-4DA8-96EE-2208AD15CE67}
		{E518228E-D96D-4A93-AC78-8A4AEF793FE3} = {4D0EAA54-BD8D-4DA8-96EE-2208AD15CE67}
		{6DF1D521-CA0C-4FA8-A35B-C9110AB3BBA0} = {4D0EAA54-BD8D-4DA8-96EE-2208AD15CE67}
		{70018108-ABEF-45DF-BED0-F7C64426FAF7} = {4D0EAA54-BD8D-4DA8-96EE-2208AD15CE67}
		{D389BB4F-2D62-462B-9AF5-152D5649AF08} = {4D0EAA54-BD8D-4DA8-96EE-2208AD15CE67}
	EndGlobalSection
	GlobalSection(ExtensibilityGlobals) = postSolution
		SolutionGuid = {9780FF84-B49D-4E10-A409-DD74CDF0BE5A}
	EndGlobalSection
EndGlobal
